// !$*UTF8*$!
{
	archiveVersion = 1;
	classes = {
	};
	objectVersion = 46;
	objects = {

/* Begin PBXBuildFile section */
		6642A4E91D38D16000C5BF98 /* AppDelegate.swift in Sources */ = {isa = PBXBuildFile; fileRef = 6642A4E81D38D16000C5BF98 /* AppDelegate.swift */; };
		6642A4EB1D38D16000C5BF98 /* ViewController.swift in Sources */ = {isa = PBXBuildFile; fileRef = 6642A4EA1D38D16000C5BF98 /* ViewController.swift */; };
		6642A4EE1D38D16000C5BF98 /* Main.storyboard in Resources */ = {isa = PBXBuildFile; fileRef = 6642A4EC1D38D16000C5BF98 /* Main.storyboard */; };
		6642A4F01D38D16000C5BF98 /* Assets.xcassets in Resources */ = {isa = PBXBuildFile; fileRef = 6642A4EF1D38D16000C5BF98 /* Assets.xcassets */; };
		6642A4F31D38D16000C5BF98 /* LaunchScreen.storyboard in Resources */ = {isa = PBXBuildFile; fileRef = 6642A4F11D38D16000C5BF98 /* LaunchScreen.storyboard */; };
		6642A4FE1D38D16000C5BF98 /* EalgeCreateLibraryTests.swift in Sources */ = {isa = PBXBuildFile; fileRef = 6642A4FD1D38D16000C5BF98 /* EalgeCreateLibraryTests.swift */; };
		6642A5221D39129100C5BF98 /* CopyLabel.swift in Sources */ = {isa = PBXBuildFile; fileRef = 6642A51F1D39129100C5BF98 /* CopyLabel.swift */; };
		6642A5231D39129100C5BF98 /* CopyWebView.swift in Sources */ = {isa = PBXBuildFile; fileRef = 6642A5211D39129100C5BF98 /* CopyWebView.swift */; };
		6642A5261D39152200C5BF98 /* HexValueToUIColor.swift in Sources */ = {isa = PBXBuildFile; fileRef = 6642A5251D39152200C5BF98 /* HexValueToUIColor.swift */; };
/* End PBXBuildFile section */

/* Begin PBXContainerItemProxy section */
		6642A4FA1D38D16000C5BF98 /* PBXContainerItemProxy */ = {
			isa = PBXContainerItemProxy;
			containerPortal = 6642A4DD1D38D16000C5BF98 /* Project object */;
			proxyType = 1;
			remoteGlobalIDString = 6642A4E41D38D16000C5BF98;
			remoteInfo = EalgeCreateLibrary;
		};
/* End PBXContainerItemProxy section */

/* Begin PBXFileReference section */
		6642A4E51D38D16000C5BF98 /* EalgeCreateLibrary.app */ = {isa = PBXFileReference; explicitFileType = wrapper.application; includeInIndex = 0; path = EalgeCreateLibrary.app; sourceTree = BUILT_PRODUCTS_DIR; };
		6642A4E81D38D16000C5BF98 /* AppDelegate.swift */ = {isa = PBXFileReference; lastKnownFileType = sourcecode.swift; path = AppDelegate.swift; sourceTree = "<group>"; };
		6642A4EA1D38D16000C5BF98 /* ViewController.swift */ = {isa = PBXFileReference; lastKnownFileType = sourcecode.swift; path = ViewController.swift; sourceTree = "<group>"; };
		6642A4ED1D38D16000C5BF98 /* Base */ = {isa = PBXFileReference; lastKnownFileType = file.storyboard; name = Base; path = Base.lproj/Main.storyboard; sourceTree = "<group>"; };
		6642A4EF1D38D16000C5BF98 /* Assets.xcassets */ = {isa = PBXFileReference; lastKnownFileType = folder.assetcatalog; path = Assets.xcassets; sourceTree = "<group>"; };
		6642A4F21D38D16000C5BF98 /* Base */ = {isa = PBXFileReference; lastKnownFileType = file.storyboard; name = Base; path = Base.lproj/LaunchScreen.storyboard; sourceTree = "<group>"; };
		6642A4F41D38D16000C5BF98 /* Info.plist */ = {isa = PBXFileReference; lastKnownFileType = text.plist.xml; path = Info.plist; sourceTree = "<group>"; };
		6642A4F91D38D16000C5BF98 /* EalgeCreateLibraryTests.xctest */ = {isa = PBXFileReference; explicitFileType = wrapper.cfbundle; includeInIndex = 0; path = EalgeCreateLibraryTests.xctest; sourceTree = BUILT_PRODUCTS_DIR; };
		6642A4FD1D38D16000C5BF98 /* EalgeCreateLibraryTests.swift */ = {isa = PBXFileReference; lastKnownFileType = sourcecode.swift; path = EalgeCreateLibraryTests.swift; sourceTree = "<group>"; };
		6642A4FF1D38D16000C5BF98 /* Info.plist */ = {isa = PBXFileReference; lastKnownFileType = text.plist.xml; path = Info.plist; sourceTree = "<group>"; };
		6642A51F1D39129100C5BF98 /* CopyLabel.swift */ = {isa = PBXFileReference; fileEncoding = 4; lastKnownFileType = sourcecode.swift; path = CopyLabel.swift; sourceTree = "<group>"; };
		6642A5211D39129100C5BF98 /* CopyWebView.swift */ = {isa = PBXFileReference; fileEncoding = 4; lastKnownFileType = sourcecode.swift; path = CopyWebView.swift; sourceTree = "<group>"; };
		6642A5251D39152200C5BF98 /* HexValueToUIColor.swift */ = {isa = PBXFileReference; fileEncoding = 4; lastKnownFileType = sourcecode.swift; path = HexValueToUIColor.swift; sourceTree = "<group>"; };
/* End PBXFileReference section */

/* Begin PBXFrameworksBuildPhase section */
		6642A4E21D38D16000C5BF98 /* Frameworks */ = {
			isa = PBXFrameworksBuildPhase;
			buildActionMask = 2147483647;
			files = (
			);
			runOnlyForDeploymentPostprocessing = 0;
		};
		6642A4F61D38D16000C5BF98 /* Frameworks */ = {
			isa = PBXFrameworksBuildPhase;
			buildActionMask = 2147483647;
			files = (
			);
			runOnlyForDeploymentPostprocessing = 0;
		};
/* End PBXFrameworksBuildPhase section */

/* Begin PBXGroup section */
		6642A4DC1D38D16000C5BF98 = {
			isa = PBXGroup;
			children = (
				6642A4E71D38D16000C5BF98 /* EalgeCreateLibrary */,
				6642A4FC1D38D16000C5BF98 /* EalgeCreateLibraryTests */,
				6642A4E61D38D16000C5BF98 /* Products */,
			);
			sourceTree = "<group>";
		};
		6642A4E61D38D16000C5BF98 /* Products */ = {
			isa = PBXGroup;
			children = (
				6642A4E51D38D16000C5BF98 /* EalgeCreateLibrary.app */,
				6642A4F91D38D16000C5BF98 /* EalgeCreateLibraryTests.xctest */,
			);
			name = Products;
			sourceTree = "<group>";
		};
		6642A4E71D38D16000C5BF98 /* EalgeCreateLibrary */ = {
			isa = PBXGroup;
			children = (
				6642A4E81D38D16000C5BF98 /* AppDelegate.swift */,
				6642A4EA1D38D16000C5BF98 /* ViewController.swift */,
				6642A4EC1D38D16000C5BF98 /* Main.storyboard */,
				6642A4EF1D38D16000C5BF98 /* Assets.xcassets */,
				6642A4F11D38D16000C5BF98 /* LaunchScreen.storyboard */,
				6642A4F41D38D16000C5BF98 /* Info.plist */,
				6642A5241D39152200C5BF98 /* HexValueToUIColor */,
				6642A51E1D39129100C5BF98 /* CopyLabel */,
				6642A5201D39129100C5BF98 /* CopyWebView */,
			);
			path = EalgeCreateLibrary;
			sourceTree = "<group>";
		};
		6642A4FC1D38D16000C5BF98 /* EalgeCreateLibraryTests */ = {
			isa = PBXGroup;
			children = (
				6642A4FD1D38D16000C5BF98 /* EalgeCreateLibraryTests.swift */,
				6642A4FF1D38D16000C5BF98 /* Info.plist */,
			);
			path = EalgeCreateLibraryTests;
			sourceTree = "<group>";
		};
		6642A51E1D39129100C5BF98 /* CopyLabel */ = {
			isa = PBXGroup;
			children = (
				6642A51F1D39129100C5BF98 /* CopyLabel.swift */,
			);
			path = CopyLabel;
			sourceTree = "<group>";
		};
		6642A5201D39129100C5BF98 /* CopyWebView */ = {
			isa = PBXGroup;
			children = (
				6642A5211D39129100C5BF98 /* CopyWebView.swift */,
			);
			path = CopyWebView;
			sourceTree = "<group>";
		};
		6642A5241D39152200C5BF98 /* HexValueToUIColor */ = {
			isa = PBXGroup;
			children = (
				6642A5251D39152200C5BF98 /* HexValueToUIColor.swift */,
			);
			path = HexValueToUIColor;
			sourceTree = "<group>";
		};
/* End PBXGroup section */

/* Begin PBXNativeTarget section */
		6642A4E41D38D16000C5BF98 /* EalgeCreateLibrary */ = {
			isa = PBXNativeTarget;
			buildConfigurationList = 6642A5021D38D16000C5BF98 /* Build configuration list for PBXNativeTarget "EalgeCreateLibrary" */;
			buildPhases = (
				6642A4E11D38D16000C5BF98 /* Sources */,
				6642A4E21D38D16000C5BF98 /* Frameworks */,
				6642A4E31D38D16000C5BF98 /* Resources */,
			);
			buildRules = (
			);
			dependencies = (
			);
			name = EalgeCreateLibrary;
			productName = EalgeCreateLibrary;
			productReference = 6642A4E51D38D16000C5BF98 /* EalgeCreateLibrary.app */;
			productType = "com.apple.product-type.application";
		};
		6642A4F81D38D16000C5BF98 /* EalgeCreateLibraryTests */ = {
			isa = PBXNativeTarget;
			buildConfigurationList = 6642A5051D38D16000C5BF98 /* Build configuration list for PBXNativeTarget "EalgeCreateLibraryTests" */;
			buildPhases = (
				6642A4F51D38D16000C5BF98 /* Sources */,
				6642A4F61D38D16000C5BF98 /* Frameworks */,
				6642A4F71D38D16000C5BF98 /* Resources */,
			);
			buildRules = (
			);
			dependencies = (
				6642A4FB1D38D16000C5BF98 /* PBXTargetDependency */,
			);
			name = EalgeCreateLibraryTests;
			productName = EalgeCreateLibraryTests;
			productReference = 6642A4F91D38D16000C5BF98 /* EalgeCreateLibraryTests.xctest */;
			productType = "com.apple.product-type.bundle.unit-test";
		};
/* End PBXNativeTarget section */

/* Begin PBXProject section */
		6642A4DD1D38D16000C5BF98 /* Project object */ = {
			isa = PBXProject;
			attributes = {
				LastSwiftUpdateCheck = 0730;
				LastUpgradeCheck = 0730;
				ORGANIZATIONNAME = zhaidou;
				TargetAttributes = {
					6642A4E41D38D16000C5BF98 = {
						CreatedOnToolsVersion = 7.3.1;
					};
					6642A4F81D38D16000C5BF98 = {
						CreatedOnToolsVersion = 7.3.1;
						TestTargetID = 6642A4E41D38D16000C5BF98;
					};
				};
			};
			buildConfigurationList = 6642A4E01D38D16000C5BF98 /* Build configuration list for PBXProject "EalgeCreateLibrary" */;
			compatibilityVersion = "Xcode 3.2";
			developmentRegion = English;
			hasScannedForEncodings = 0;
			knownRegions = (
				en,
				Base,
			);
			mainGroup = 6642A4DC1D38D16000C5BF98;
			productRefGroup = 6642A4E61D38D16000C5BF98 /* Products */;
			projectDirPath = "";
			projectRoot = "";
			targets = (
				6642A4E41D38D16000C5BF98 /* EalgeCreateLibrary */,
				6642A4F81D38D16000C5BF98 /* EalgeCreateLibraryTests */,
			);
		};
/* End PBXProject section */

/* Begin PBXResourcesBuildPhase section */
		6642A4E31D38D16000C5BF98 /* Resources */ = {
			isa = PBXResourcesBuildPhase;
			buildActionMask = 2147483647;
			files = (
				6642A4F31D38D16000C5BF98 /* LaunchScreen.storyboard in Resources */,
				6642A4F01D38D16000C5BF98 /* Assets.xcassets in Resources */,
				6642A4EE1D38D16000C5BF98 /* Main.storyboard in Resources */,
			);
			runOnlyForDeploymentPostprocessing = 0;
		};
		6642A4F71D38D16000C5BF98 /* Resources */ = {
			isa = PBXResourcesBuildPhase;
			buildActionMask = 2147483647;
			files = (
			);
			runOnlyForDeploymentPostprocessing = 0;
		};
/* End PBXResourcesBuildPhase section */

/* Begin PBXSourcesBuildPhase section */
		6642A4E11D38D16000C5BF98 /* Sources */ = {
			isa = PBXSourcesBuildPhase;
			buildActionMask = 2147483647;
			files = (
				6642A5231D39129100C5BF98 /* CopyWebView.swift in Sources */,
				6642A4EB1D38D16000C5BF98 /* ViewController.swift in Sources */,
				6642A5261D39152200C5BF98 /* HexValueToUIColor.swift in Sources */,
				6642A5221D39129100C5BF98 /* CopyLabel.swift in Sources */,
				6642A4E91D38D16000C5BF98 /* AppDelegate.swift in Sources */,
			);
			runOnlyForDeploymentPostprocessing = 0;
		};
		6642A4F51D38D16000C5BF98 /* Sources */ = {
			isa = PBXSourcesBuildPhase;
			buildActionMask = 2147483647;
			files = (
				6642A4FE1D38D16000C5BF98 /* EalgeCreateLibraryTests.swift in Sources */,
			);
			runOnlyForDeploymentPostprocessing = 0;
		};
/* End PBXSourcesBuildPhase section */

/* Begin PBXTargetDependency section */
		6642A4FB1D38D16000C5BF98 /* PBXTargetDependency */ = {
			isa = PBXTargetDependency;
			target = 6642A4E41D38D16000C5BF98 /* EalgeCreateLibrary */;
			targetProxy = 6642A4FA1D38D16000C5BF98 /* PBXContainerItemProxy */;
		};
/* End PBXTargetDependency section */

/* Begin PBXVariantGroup section */
		6642A4EC1D38D16000C5BF98 /* Main.storyboard */ = {
			isa = PBXVariantGroup;
			children = (
				6642A4ED1D38D16000C5BF98 /* Base */,
			);
			name = Main.storyboard;
			sourceTree = "<group>";
		};
		6642A4F11D38D16000C5BF98 /* LaunchScreen.storyboard */ = {
			isa = PBXVariantGroup;
			children = (
				6642A4F21D38D16000C5BF98 /* Base */,
			);
			name = LaunchScreen.storyboard;
			sourceTree = "<group>";
		};
/* End PBXVariantGroup section */

/* Begin XCBuildConfiguration section */
		6642A5001D38D16000C5BF98 /* Debug */ = {
			isa = XCBuildConfiguration;
			buildSettings = {
				ALWAYS_SEARCH_USER_PATHS = NO;
				CLANG_ANALYZER_NONNULL = YES;
				CLANG_CXX_LANGUAGE_STANDARD = "gnu++0x";
				CLANG_CXX_LIBRARY = "libc++";
				CLANG_ENABLE_MODULES = YES;
				CLANG_ENABLE_OBJC_ARC = YES;
				CLANG_WARN_BOOL_CONVERSION = YES;
				CLANG_WARN_CONSTANT_CONVERSION = YES;
				CLANG_WARN_DIRECT_OBJC_ISA_USAGE = YES_ERROR;
				CLANG_WARN_EMPTY_BODY = YES;
				CLANG_WARN_ENUM_CONVERSION = YES;
				CLANG_WARN_INT_CONVERSION = YES;
				CLANG_WARN_OBJC_ROOT_CLASS = YES_ERROR;
				CLANG_WARN_UNREACHABLE_CODE = YES;
				CLANG_WARN__DUPLICATE_METHOD_MATCH = YES;
				"CODE_SIGN_IDENTITY[sdk=iphoneos*]" = "iPhone Developer";
				COPY_PHASE_STRIP = NO;
				DEBUG_INFORMATION_FORMAT = dwarf;
				ENABLE_STRICT_OBJC_MSGSEND = YES;
				ENABLE_TESTABILITY = YES;
				GCC_C_LANGUAGE_STANDARD = gnu99;
				GCC_DYNAMIC_NO_PIC = NO;
				GCC_NO_COMMON_BLOCKS = YES;
				GCC_OPTIMIZATION_LEVEL = 0;
				GCC_PREPROCESSOR_DEFINITIONS = (
					"DEBUG=1",
					"$(inherited)",
				);
				GCC_WARN_64_TO_32_BIT_CONVERSION = YES;
				GCC_WARN_ABOUT_RETURN_TYPE = YES_ERROR;
				GCC_WARN_UNDECLARED_SELECTOR = YES;
				GCC_WARN_UNINITIALIZED_AUTOS = YES_AGGRESSIVE;
				GCC_WARN_UNUSED_FUNCTION = YES;
				GCC_WARN_UNUSED_VARIABLE = YES;
				IPHONEOS_DEPLOYMENT_TARGET = 9.3;
				MTL_ENABLE_DEBUG_INFO = YES;
				ONLY_ACTIVE_ARCH = YES;
				SDKROOT = iphoneos;
				SWIFT_OPTIMIZATION_LEVEL = "-Onone";
				TARGETED_DEVICE_FAMILY = "1,2";
			};
			name = Debug;
		};
		6642A5011D38D16000C5BF98 /* Release */ = {
			isa = XCBuildConfiguration;
			buildSettings = {
				ALWAYS_SEARCH_USER_PATHS = NO;
				CLANG_ANALYZER_NONNULL = YES;
				CLANG_CXX_LANGUAGE_STANDARD = "gnu++0x";
				CLANG_CXX_LIBRARY = "libc++";
				CLANG_ENABLE_MODULES = YES;
				CLANG_ENABLE_OBJC_ARC = YES;
				CLANG_WARN_BOOL_CONVERSION = YES;
				CLANG_WARN_CONSTANT_CONVERSION = YES;
				CLANG_WARN_DIRECT_OBJC_ISA_USAGE = YES_ERROR;
				CLANG_WARN_EMPTY_BODY = YES;
				CLANG_WARN_ENUM_CONVERSION = YES;
				CLANG_WARN_INT_CONVERSION = YES;
				CLANG_WARN_OBJC_ROOT_CLASS = YES_ERROR;
				CLANG_WARN_UNREACHABLE_CODE = YES;
				CLANG_WARN__DUPLICATE_METHOD_MATCH = YES;
				"CODE_SIGN_IDENTITY[sdk=iphoneos*]" = "iPhone Developer";
				COPY_PHASE_STRIP = NO;
				DEBUG_INFORMATION_FORMAT = "dwarf-with-dsym";
				ENABLE_NS_ASSERTIONS = NO;
				ENABLE_STRICT_OBJC_MSGSEND = YES;
				GCC_C_LANGUAGE_STANDARD = gnu99;
				GCC_NO_COMMON_BLOCKS = YES;
				GCC_WARN_64_TO_32_BIT_CONVERSION = YES;
				GCC_WARN_ABOUT_RETURN_TYPE = YES_ERROR;
				GCC_WARN_UNDECLARED_SELECTOR = YES;
				GCC_WARN_UNINITIALIZED_AUTOS = YES_AGGRESSIVE;
				GCC_WARN_UNUSED_FUNCTION = YES;
				GCC_WARN_UNUSED_VARIABLE = YES;
				IPHONEOS_DEPLOYMENT_TARGET = 9.3;
				MTL_ENABLE_DEBUG_INFO = NO;
				SDKROOT = iphoneos;
				TARGETED_DEVICE_FAMILY = "1,2";
				VALIDATE_PRODUCT = YES;
			};
			name = Release;
		};
		6642A5031D38D16000C5BF98 /* Debug */ = {
			isa = XCBuildConfiguration;
			buildSettings = {
				ASSETCATALOG_COMPILER_APPICON_NAME = AppIcon;
				INFOPLIST_FILE = EalgeCreateLibrary/Info.plist;
				LD_RUNPATH_SEARCH_PATHS = "$(inherited) @executable_path/Frameworks";
				PRODUCT_BUNDLE_IDENTIFIER = com.zhaidou.EalgeCreateLibrary;
				PRODUCT_NAME = "$(TARGET_NAME)";
			};
			name = Debug;
		};
		6642A5041D38D16000C5BF98 /* Release */ = {
			isa = XCBuildConfiguration;
			buildSettings = {
				ASSETCATALOG_COMPILER_APPICON_NAME = AppIcon;
				INFOPLIST_FILE = EalgeCreateLibrary/Info.plist;
				LD_RUNPATH_SEARCH_PATHS = "$(inherited) @executable_path/Frameworks";
				PRODUCT_BUNDLE_IDENTIFIER = com.zhaidou.EalgeCreateLibrary;
				PRODUCT_NAME = "$(TARGET_NAME)";
			};
			name = Release;
		};
		6642A5061D38D16000C5BF98 /* Debug */ = {
			isa = XCBuildConfiguration;
			buildSettings = {
				BUNDLE_LOADER = "$(TEST_HOST)";
				INFOPLIST_FILE = EalgeCreateLibraryTests/Info.plist;
				LD_RUNPATH_SEARCH_PATHS = "$(inherited) @executable_path/Frameworks @loader_path/Frameworks";
				PRODUCT_BUNDLE_IDENTIFIER = com.zhaidou.EalgeCreateLibraryTests;
				PRODUCT_NAME = "$(TARGET_NAME)";
				TEST_HOST = "$(BUILT_PRODUCTS_DIR)/EalgeCreateLibrary.app/EalgeCreateLibrary";
			};
			name = Debug;
		};
		6642A5071D38D16000C5BF98 /* Release */ = {
			isa = XCBuildConfiguration;
			buildSettings = {
				BUNDLE_LOADER = "$(TEST_HOST)";
				INFOPLIST_FILE = EalgeCreateLibraryTests/Info.plist;
				LD_RUNPATH_SEARCH_PATHS = "$(inherited) @executable_path/Frameworks @loader_path/Frameworks";
				PRODUCT_BUNDLE_IDENTIFIER = com.zhaidou.EalgeCreateLibraryTests;
				PRODUCT_NAME = "$(TARGET_NAME)";
				TEST_HOST = "$(BUILT_PRODUCTS_DIR)/EalgeCreateLibrary.app/EalgeCreateLibrary";
			};
			name = Release;
		};
/* End XCBuildConfiguration section */

/* Begin XCConfigurationList section */
		6642A4E01D38D16000C5BF98 /* Build configuration list for PBXProject "EalgeCreateLibrary" */ = {
			isa = XCConfigurationList;
			buildConfigurations = (
				6642A5001D38D16000C5BF98 /* Debug */,
				6642A5011D38D16000C5BF98 /* Release */,
			);
			defaultConfigurationIsVisible = 0;
			defaultConfigurationName = Release;
		};
		6642A5021D38D16000C5BF98 /* Build configuration list for PBXNativeTarget "EalgeCreateLibrary" */ = {
			isa = XCConfigurationList;
			buildConfigurations = (
				6642A5031D38D16000C5BF98 /* Debug */,
				6642A5041D38D16000C5BF98 /* Release */,
			);
			defaultConfigurationIsVisible = 0;
			defaultConfigurationName = Release;
		};
		6642A5051D38D16000C5BF98 /* Build configuration list for PBXNativeTarget "EalgeCreateLibraryTests" */ = {
			isa = XCConfigurationList;
			buildConfigurations = (
				6642A5061D38D16000C5BF98 /* Debug */,
				6642A5071D38D16000C5BF98 /* Release */,
			);
			defaultConfigurationIsVisible = 0;
			defaultConfigurationName = Release;
		};
/* End XCConfigurationList section */
	};
	rootObject = 6642A4DD1D38D16000C5BF98 /* Project object */;
}
